
Microsoft Visual Studio Solution File, Format Version 12.00
# Visual Studio 15
VisualStudioVersion = 15.0.28307.572
MinimumVisualStudioVersion = 10.0.40219.1
Project("{FAE04EC0-301F-11D3-BF4B-00C04F79EFBC}") = "Graphics", "Graphics\Graphics.csproj", "{B880FDF7-8EE7-4F80-B0B7-CC2CD54CBB9D}"
EndProject
Global
	GlobalSection(SolutionConfigurationPlatforms) = preSolution
		Debug|Any CPU = Debug|Any CPU
		Release|Any CPU = Release|Any CPU
	EndGlobalSection
	GlobalSection(ProjectConfigurationPlatforms) = postSolution
		{B880FDF7-8EE7-4F80-B0B7-CC2CD54CBB9D}.Debug|Any CPU.ActiveCfg = Debug|Any CPU
		{B880FDF7-8EE7-4F80-B0B7-CC2CD54CBB9D}.Debug|Any CPU.Build.0 = Debug|Any CPU
		{B880FDF7-8EE7-4F80-B0B7-CC2CD54CBB9D}.Release|Any CPU.ActiveCfg = Release|Any CPU
		{B880FDF7-8EE7-4F80-B0B7-CC2CD54CBB9D}.Release|Any CPU.Build.0 = Release|Any CPU
	EndGlobalSection
	GlobalSection(SolutionProperties) = preSolution
		HideSolutionNode = FALSE
	EndGlobalSection
	GlobalSection(ExtensibilityGlobals) = postSolution
		SolutionGuid = {05949E5F-9E8E-4527-964A-8AD6970C3DF2}
	EndGlobalSection
EndGlobal
